
Microsoft Visual Studio Solution File, Format Version 12.00
# Visual Studio Version 17
VisualStudioVersion = 17.9.34723.18
MinimumVisualStudioVersion = 10.0.40219.1
Project("{FAE04EC0-301F-11D3-BF4B-00C04F79EFBC}") = "GetStartedWinForms", "GetStartedWinForms\GetStartedWinForms.csproj", "{3677E0DB-8139-4D02-A688-37A134EE4E8F}"
EndProject
Global
	GlobalSection(SolutionConfigurationPlatforms) = preSolution
		Debug|Any CPU = Debug|Any CPU
		Release|Any CPU = Release|Any CPU
	EndGlobalSection
	GlobalSection(ProjectConfigurationPlatforms) = postSolution
		{3677E0DB-8139-4D02-A688-37A134EE4E8F}.Debug|Any CPU.ActiveCfg = Debug|Any CPU
		{3677E0DB-8139-4D02-A688-37A134EE4E8F}.Debug|Any CPU.Build.0 = Debug|Any CPU
		{3677E0DB-8139-4D02-A688-37A134EE4E8F}.Release|Any CPU.ActiveCfg = Release|Any CPU
		{3677E0DB-8139-4D02-A688-37A134EE4E8F}.Release|Any CPU.Build.0 = Release|Any CPU
	EndGlobalSection
	GlobalSection(SolutionProperties) = preSolution
		HideSolutionNode = FALSE
	EndGlobalSection
	GlobalSection(ExtensibilityGlobals) = postSolution
		SolutionGuid = {B123BD19-92EC-4984-89D8-73CB27234299}
	EndGlobalSection
EndGlobal
